Microsoft Visual Studio Solution File, Format Version 12.00
# Visual Studio Version 17
VisualStudioVersion = 17.5.2.0
MinimumVisualStudioVersion = 10.0.40219.1
Project("{FAE04EC0-301F-11D3-BF4B-00C04F79EFBC}") = "family-tree-builder", "family-tree-builder.csproj", "{5069E4F9-2875-BD96-71E8-1C1C66D9CF67}"
EndProject
Global
	GlobalSection(SolutionConfigurationPlatforms) = preSolution
		Debug|Any CPU = Debug|Any CPU
		Release|Any CPU = Release|Any CPU
	EndGlobalSection
	GlobalSection(ProjectConfigurationPlatforms) = postSolution
		{5069E4F9-2875-BD96-71E8-1C1C66D9CF67}.Debug|Any CPU.ActiveCfg = Debug|Any CPU
		{5069E4F9-2875-BD96-71E8-1C1C66D9CF67}.Debug|Any CPU.Build.0 = Debug|Any CPU
		{5069E4F9-2875-BD96-71E8-1C1C66D9CF67}.Release|Any CPU.ActiveCfg = Release|Any CPU
		{5069E4F9-2875-BD96-71E8-1C1C66D9CF67}.Release|Any CPU.Build.0 = Release|Any CPU
	EndGlobalSection
	GlobalSection(SolutionProperties) = preSolution
		HideSolutionNode = FALSE
	EndGlobalSection
	GlobalSection(ExtensibilityGlobals) = postSolution
		SolutionGuid = {5C175EAE-A249-4D33-9676-72567A2BF31F}
	EndGlobalSection
EndGlobal
